
Microsoft Visual Studio Solution File, Format Version 12.00
Project("{FAE04EC0-301F-11D3-BF4B-00C04F79EFBC}") = "gateway", "src\gateway\gateway.csproj", "{A87C09EC-2CA3-48D1-8BA2-749310083880}"
EndProject
Project("{2150E333-8FDC-42A3-9474-1A3956D46DE8}") = "src", "src", "{827E0CD3-B72D-47B6-A68D-7590B98EB39B}"
EndProject
Project("{2150E333-8FDC-42A3-9474-1A3956D46DE8}") = "services", "services", "{984BB9B3-3FA3-BE33-9484-CAC21695A33C}"
EndProject
Project("{2150E333-8FDC-42A3-9474-1A3956D46DE8}") = "Catalog", "Catalog", "{C91C1CF1-1625-0789-F869-53D87D6277BA}"
EndProject
Project("{FAE04EC0-301F-11D3-BF4B-00C04F79EFBC}") = "GrabAndGo.Catalog.API", "src\services\Catalog\GrabAndGo.Catalog.API\GrabAndGo.Catalog.API.csproj", "{0007A3BC-68A9-4CB7-9C9F-BDC213335825}"
EndProject
Project("{FAE04EC0-301F-11D3-BF4B-00C04F79EFBC}") = "GrabAndGo.Catalog.Application", "src\services\Catalog\GrabAndGo.Catalog.Application\GrabAndGo.Catalog.Application.csproj", "{C469E726-9DB0-4584-BBD7-39924FE980D8}"
EndProject
Project("{FAE04EC0-301F-11D3-BF4B-00C04F79EFBC}") = "GrabAndGo.Catalog.Domain", "src\services\Catalog\GrabAndGo.Catalog.Domain\GrabAndGo.Catalog.Domain.csproj", "{57C4B656-50F9-42C7-B549-E27A77884262}"
EndProject
Project("{FAE04EC0-301F-11D3-BF4B-00C04F79EFBC}") = "GrabAndGo.Catalog.Infrastructure", "src\services\Catalog\GrabAndGo.Catalog.Infrastructure\GrabAndGo.Catalog.Infrastructure.csproj", "{B3CE1017-45B7-468C-A108-3742DAF28923}"
EndProject
Project("{2150E333-8FDC-42A3-9474-1A3956D46DE8}") = "Identity", "Identity", "{1BFC9479-12BF-35C3-06B8-42D89D95092B}"
EndProject
Project("{FAE04EC0-301F-11D3-BF4B-00C04F79EFBC}") = "GrabAndGo.Identity.API", "src\services\Identity\GrabAndGo.Identity.API\GrabAndGo.Identity.API.csproj", "{863E77CB-8222-4D92-8B8C-5BD27CC0EDFC}"
EndProject
Project("{2150E333-8FDC-42A3-9474-1A3956D46DE8}") = "BuildingBlocks", "BuildingBlocks", "{90298CBA-BD6F-3A0A-69D5-97CAD7B05E7E}"
EndProject
Project("{FAE04EC0-301F-11D3-BF4B-00C04F79EFBC}") = "GrabAndGo.BuildingBlocks", "src\BuildingBlocks\GrabAndGo.BuildingBlocks\GrabAndGo.BuildingBlocks.csproj", "{6E00CCA0-30D3-4C65-9E82-2CC7814592A1}"
EndProject
Project("{2150E333-8FDC-42A3-9474-1A3956D46DE8}") = "Order", "Order", "{B851199A-4979-E597-3D50-97AC5992BBAF}"
EndProject
Project("{FAE04EC0-301F-11D3-BF4B-00C04F79EFBC}") = "GrabAndGo.Order.API", "src\services\Order\GrabAndGo.Order.API\GrabAndGo.Order.API.csproj", "{0A29748E-FB81-4411-BE11-14513DCBEF17}"
EndProject
Project("{FAE04EC0-301F-11D3-BF4B-00C04F79EFBC}") = "GrabAndGo.Order.Application", "src\services\Order\GrabAndGo.Order.Application\GrabAndGo.Order.Application.csproj", "{AA428218-82A0-4104-AA66-9903D6A37E08}"
EndProject
Project("{FAE04EC0-301F-11D3-BF4B-00C04F79EFBC}") = "GrabAndGo.Order.Contracts", "src\services\Order\GrabAndGo.Order.Contracts\GrabAndGo.Order.Contracts.csproj", "{03F6B353-1A84-42FD-97FF-109F91228D7D}"
EndProject
Project("{FAE04EC0-301F-11D3-BF4B-00C04F79EFBC}") = "GrabAndGo.Order.Domain", "src\services\Order\GrabAndGo.Order.Domain\GrabAndGo.Order.Domain.csproj", "{71025C7F-61B2-44F6-AF77-AE8CB1596121}"
EndProject
Project("{FAE04EC0-301F-11D3-BF4B-00C04F79EFBC}") = "GrabAndGo.Order.Infrastructure", "src\services\Order\GrabAndGo.Order.Infrastructure\GrabAndGo.Order.Infrastructure.csproj", "{F98B81EC-FB2D-4F73-B696-F763D44200E9}"
EndProject
Project("{2150E333-8FDC-42A3-9474-1A3956D46DE8}") = "Media", "Media", "{971CEA43-920F-36DD-A00E-2E303C06D992}"
EndProject
Project("{FAE04EC0-301F-11D3-BF4B-00C04F79EFBC}") = "GrabAndGo.Media.API", "src\services\Media\GrabAndGo.Media.API\GrabAndGo.Media.API.csproj", "{28BCBDCB-EF74-4CF4-B812-2DC012D2E918}"
EndProject
Project("{2150E333-8FDC-42A3-9474-1A3956D46DE8}") = "tests", "tests", "{0AB3BF05-4346-4AA6-1389-037BE0695223}"
EndProject
Project("{FAE04EC0-301F-11D3-BF4B-00C04F79EFBC}") = "GrabAndGo.Order.UnitTests", "tests\GrabAndGo.Order.UnitTests\GrabAndGo.Order.UnitTests.csproj", "{FF0C36E9-2AC3-4CBA-A9A3-CB58F0175CC3}"
EndProject
Project("{FAE04EC0-301F-11D3-BF4B-00C04F79EFBC}") = "GrabAndGo.Catalog.UnitTests", "tests\GrabAndGo.Catalog.UnitTests\GrabAndGo.Catalog.UnitTests.csproj", "{004924ED-1351-4999-B5B5-0E56E7C77A8F}"
EndProject
Project("{FAE04EC0-301F-11D3-BF4B-00C04F79EFBC}") = "GrabAndGo.BuildingBlocks.UnitTests", "tests\GrabAndGo.BuildingBlocks.UnitTests\GrabAndGo.BuildingBlocks.UnitTests.csproj", "{B0CEE121-FB0E-494D-B5DC-0C15DF8A687A}"
EndProject
Project("{FAE04EC0-301F-11D3-BF4B-00C04F79EFBC}") = "GrabAndGo.Identity.UnitTests", "tests\GrabAndGo.Identity.UnitTests\GrabAndGo.Identity.UnitTests.csproj", "{C49BA0B0-7EC3-47AA-936C-CA8D3CC453EC}"
EndProject
Global
	GlobalSection(SolutionConfigurationPlatforms) = preSolution
		Debug|Any CPU = Debug|Any CPU
		Debug|x64 = Debug|x64
		Debug|x86 = Debug|x86
		Release|Any CPU = Release|Any CPU
		Release|x64 = Release|x64
		Release|x86 = Release|x86
	EndGlobalSection
	GlobalSection(ProjectConfigurationPlatforms) = postSolution
		{A87C09EC-2CA3-48D1-8BA2-749310083880}.Debug|Any CPU.ActiveCfg = Debug|Any CPU
		{A87C09EC-2CA3-48D1-8BA2-749310083880}.Debug|Any CPU.Build.0 = Debug|Any CPU
		{A87C09EC-2CA3-48D1-8BA2-749310083880}.Debug|x64.ActiveCfg = Debug|Any CPU
		{A87C09EC-2CA3-48D1-8BA2-749310083880}.Debug|x64.Build.0 = Debug|Any CPU
		{A87C09EC-2CA3-48D1-8BA2-749310083880}.Debug|x86.ActiveCfg = Debug|Any CPU
		{A87C09EC-2CA3-48D1-8BA2-749310083880}.Debug|x86.Build.0 = Debug|Any CPU
		{A87C09EC-2CA3-48D1-8BA2-749310083880}.Release|Any CPU.ActiveCfg = Release|Any CPU
		{A87C09EC-2CA3-48D1-8BA2-749310083880}.Release|Any CPU.Build.0 = Release|Any CPU
		{A87C09EC-2CA3-48D1-8BA2-749310083880}.Release|x64.ActiveCfg = Release|Any CPU
		{A87C09EC-2CA3-48D1-8BA2-749310083880}.Release|x64.Build.0 = Release|Any CPU
		{A87C09EC-2CA3-48D1-8BA2-749310083880}.Release|x86.ActiveCfg = Release|Any CPU
		{A87C09EC-2CA3-48D1-8BA2-749310083880}.Release|x86.Build.0 = Release|Any CPU
		{0007A3BC-68A9-4CB7-9C9F-BDC213335825}.Debug|Any CPU.ActiveCfg = Debug|Any CPU
		{0007A3BC-68A9-4CB7-9C9F-BDC213335825}.Debug|Any CPU.Build.0 = Debug|Any CPU
		{0007A3BC-68A9-4CB7-9C9F-BDC213335825}.Debug|x64.ActiveCfg = Debug|Any CPU
		{0007A3BC-68A9-4CB7-9C9F-BDC213335825}.Debug|x64.Build.0 = Debug|Any CPU
		{0007A3BC-68A9-4CB7-9C9F-BDC213335825}.Debug|x86.ActiveCfg = Debug|Any CPU
		{0007A3BC-68A9-4CB7-9C9F-BDC213335825}.Debug|x86.Build.0 = Debug|Any CPU
		{0007A3BC-68A9-4CB7-9C9F-BDC213335825}.Release|Any CPU.ActiveCfg = Release|Any CPU
		{0007A3BC-68A9-4CB7-9C9F-BDC213335825}.Release|Any CPU.Build.0 = Release|Any CPU
		{0007A3BC-68A9-4CB7-9C9F-BDC213335825}.Release|x64.ActiveCfg = Release|Any CPU
		{0007A3BC-68A9-4CB7-9C9F-BDC213335825}.Release|x64.Build.0 = Release|Any CPU
		{0007A3BC-68A9-4CB7-9C9F-BDC213335825}.Release|x86.ActiveCfg = Release|Any CPU
		{0007A3BC-68A9-4CB7-9C9F-BDC213335825}.Release|x86.Build.0 = Release|Any CPU
		{C469E726-9DB0-4584-BBD7-39924FE980D8}.Debug|Any CPU.ActiveCfg = Debug|Any CPU
		{C469E726-9DB0-4584-BBD7-39924FE980D8}.Debug|Any CPU.Build.0 = Debug|Any CPU
		{C469E726-9DB0-4584-BBD7-39924FE980D8}.Debug|x64.ActiveCfg = Debug|Any CPU
		{C469E726-9DB0-4584-BBD7-39924FE980D8}.Debug|x64.Build.0 = Debug|Any CPU
		{C469E726-9DB0-4584-BBD7-39924FE980D8}.Debug|x86.ActiveCfg = Debug|Any CPU
		{C469E726-9DB0-4584-BBD7-39924FE980D8}.Debug|x86.Build.0 = Debug|Any CPU
		{C469E726-9DB0-4584-BBD7-39924FE980D8}.Release|Any CPU.ActiveCfg = Release|Any CPU
		{C469E726-9DB0-4584-BBD7-39924FE980D8}.Release|Any CPU.Build.0 = Release|Any CPU
		{C469E726-9DB0-4584-BBD7-39924FE980D8}.Release|x64.ActiveCfg = Release|Any CPU
		{C469E726-9DB0-4584-BBD7-39924FE980D8}.Release|x64.Build.0 = Release|Any CPU
		{C469E726-9DB0-4584-BBD7-39924FE980D8}.Release|x86.ActiveCfg = Release|Any CPU
		{C469E726-9DB0-4584-BBD7-39924FE980D8}.Release|x86.Build.0 = Release|Any CPU
		{57C4B656-50F9-42C7-B549-E27A77884262}.Debug|Any CPU.ActiveCfg = Debug|Any CPU
		{57C4B656-50F9-42C7-B549-E27A77884262}.Debug|Any CPU.Build.0 = Debug|Any CPU
		{57C4B656-50F9-42C7-B549-E27A77884262}.Debug|x64.ActiveCfg = Debug|Any CPU
		{57C4B656-50F9-42C7-B549-E27A77884262}.Debug|x64.Build.0 = Debug|Any CPU
		{57C4B656-50F9-42C7-B549-E27A77884262}.Debug|x86.ActiveCfg = Debug|Any CPU
		{57C4B656-50F9-42C7-B549-E27A77884262}.Debug|x86.Build.0 = Debug|Any CPU
		{57C4B656-50F9-42C7-B549-E27A77884262}.Release|Any CPU.ActiveCfg = Release|Any CPU
		{57C4B656-50F9-42C7-B549-E27A77884262}.Release|Any CPU.Build.0 = Release|Any CPU
		{57C4B656-50F9-42C7-B549-E27A77884262}.Release|x64.ActiveCfg = Release|Any CPU
		{57C4B656-50F9-42C7-B549-E27A77884262}.Release|x64.Build.0 = Release|Any CPU
		{57C4B656-50F9-42C7-B549-E27A77884262}.Release|x86.ActiveCfg = Release|Any CPU
		{57C4B656-50F9-42C7-B549-E27A77884262}.Release|x86.Build.0 = Release|Any CPU
		{B3CE1017-45B7-468C-A108-3742DAF28923}.Debug|Any CPU.ActiveCfg = Debug|Any CPU
		{B3CE1017-45B7-468C-A108-3742DAF28923}.Debug|Any CPU.Build.0 = Debug|Any CPU
		{B3CE1017-45B7-468C-A108-3742DAF28923}.Debug|x64.ActiveCfg = Debug|Any CPU
		{B3CE1017-45B7-468C-A108-3742DAF28923}.Debug|x64.Build.0 = Debug|Any CPU
		{B3CE1017-45B7-468C-A108-3742DAF28923}.Debug|x86.ActiveCfg = Debug|Any CPU
		{B3CE1017-45B7-468C-A108-3742DAF28923}.Debug|x86.Build.0 = Debug|Any CPU
		{B3CE1017-45B7-468C-A108-3742DAF28923}.Release|Any CPU.ActiveCfg = Release|Any CPU
		{B3CE1017-45B7-468C-A108-3742DAF28923}.Release|Any CPU.Build.0 = Release|Any CPU
		{B3CE1017-45B7-468C-A108-3742DAF28923}.Release|x64.ActiveCfg = Release|Any CPU
		{B3CE1017-45B7-468C-A108-3742DAF28923}.Release|x64.Build.0 = Release|Any CPU
		{B3CE1017-45B7-468C-A108-3742DAF28923}.Release|x86.ActiveCfg = Release|Any CPU
		{B3CE1017-45B7-468C-A108-3742DAF28923}.Release|x86.Build.0 = Release|Any CPU
		{863E77CB-8222-4D92-8B8C-5BD27CC0EDFC}.Debug|Any CPU.ActiveCfg = Debug|Any CPU
		{863E77CB-8222-4D92-8B8C-5BD27CC0EDFC}.Debug|Any CPU.Build.0 = Debug|Any CPU
		{863E77CB-8222-4D92-8B8C-5BD27CC0EDFC}.Debug|x64.ActiveCfg = Debug|Any CPU
		{863E77CB-8222-4D92-8B8C-5BD27CC0EDFC}.Debug|x64.Build.0 = Debug|Any CPU
		{863E77CB-8222-4D92-8B8C-5BD27CC0EDFC}.Debug|x86.ActiveCfg = Debug|Any CPU
		{863E77CB-8222-4D92-8B8C-5BD27CC0EDFC}.Debug|x86.Build.0 = Debug|Any CPU
		{863E77CB-8222-4D92-8B8C-5BD27CC0EDFC}.Release|Any CPU.ActiveCfg = Release|Any CPU
		{863E77CB-8222-4D92-8B8C-5BD27CC0EDFC}.Release|Any CPU.Build.0 = Release|Any CPU
		{863E77CB-8222-4D92-8B8C-5BD27CC0EDFC}.Release|x64.ActiveCfg = Release|Any CPU
		{863E77CB-8222-4D92-8B8C-5BD27CC0EDFC}.Release|x64.Build.0 = Release|Any CPU
		{863E77CB-8222-4D92-8B8C-5BD27CC0EDFC}.Release|x86.ActiveCfg = Release|Any CPU
		{863E77CB-8222-4D92-8B8C-5BD27CC0EDFC}.Release|x86.Build.0 = Release|Any CPU
		{6E00CCA0-30D3-4C65-9E82-2CC7814592A1}.Debug|Any CPU.ActiveCfg = Debug|Any CPU
		{6E00CCA0-30D3-4C65-9E82-2CC7814592A1}.Debug|Any CPU.Build.0 = Debug|Any CPU
		{6E00CCA0-30D3-4C65-9E82-2CC7814592A1}.Debug|x64.ActiveCfg = Debug|Any CPU
		{6E00CCA0-30D3-4C65-9E82-2CC7814592A1}.Debug|x64.Build.0 = Debug|Any CPU
		{6E00CCA0-30D3-4C65-9E82-2CC7814592A1}.Debug|x86.ActiveCfg = Debug|Any CPU
		{6E00CCA0-30D3-4C65-9E82-2CC7814592A1}.Debug|x86.Build.0 = Debug|Any CPU
		{6E00CCA0-30D3-4C65-9E82-2CC7814592A1}.Release|Any CPU.ActiveCfg = Release|Any CPU
		{6E00CCA0-30D3-4C65-9E82-2CC7814592A1}.Release|Any CPU.Build.0 = Release|Any CPU
		{6E00CCA0-30D3-4C65-9E82-2CC7814592A1}.Release|x64.ActiveCfg = Release|Any CPU
		{6E00CCA0-30D3-4C65-9E82-2CC7814592A1}.Release|x64.Build.0 = Release|Any CPU
		{6E00CCA0-30D3-4C65-9E82-2CC7814592A1}.Release|x86.ActiveCfg = Release|Any CPU
		{6E00CCA0-30D3-4C65-9E82-2CC7814592A1}.Release|x86.Build.0 = Release|Any CPU
		{0A29748E-FB81-4411-BE11-14513DCBEF17}.Debug|Any CPU.ActiveCfg = Debug|Any CPU
		{0A29748E-FB81-4411-BE11-14513DCBEF17}.Debug|Any CPU.Build.0 = Debug|Any CPU
		{0A29748E-FB81-4411-BE11-14513DCBEF17}.Debug|x64.ActiveCfg = Debug|Any CPU
		{0A29748E-FB81-4411-BE11-14513DCBEF17}.Debug|x64.Build.0 = Debug|Any CPU
		{0A29748E-FB81-4411-BE11-14513DCBEF17}.Debug|x86.ActiveCfg = Debug|Any CPU
		{0A29748E-FB81-4411-BE11-14513DCBEF17}.Debug|x86.Build.0 = Debug|Any CPU
		{0A29748E-FB81-4411-BE11-14513DCBEF17}.Release|Any CPU.ActiveCfg = Release|Any CPU
		{0A29748E-FB81-4411-BE11-14513DCBEF17}.Release|Any CPU.Build.0 = Release|Any CPU
		{0A29748E-FB81-4411-BE11-14513DCBEF17}.Release|x64.ActiveCfg = Release|Any CPU
		{0A29748E-FB81-4411-BE11-14513DCBEF17}.Release|x64.Build.0 = Release|Any CPU
		{0A29748E-FB81-4411-BE11-14513DCBEF17}.Release|x86.ActiveCfg = Release|Any CPU
		{0A29748E-FB81-4411-BE11-14513DCBEF17}.Release|x86.Build.0 = Release|Any CPU
		{AA428218-82A0-4104-AA66-9903D6A37E08}.Debug|Any CPU.ActiveCfg = Debug|Any CPU
		{AA428218-82A0-4104-AA66-9903D6A37E08}.Debug|Any CPU.Build.0 = Debug|Any CPU
		{AA428218-82A0-4104-AA66-9903D6A37E08}.Debug|x64.ActiveCfg = Debug|Any CPU
		{AA428218-82A0-4104-AA66-9903D6A37E08}.Debug|x64.Build.0 = Debug|Any CPU
		{AA428218-82A0-4104-AA66-9903D6A37E08}.Debug|x86.ActiveCfg = Debug|Any CPU
		{AA428218-82A0-4104-AA66-9903D6A37E08}.Debug|x86.Build.0 = Debug|Any CPU
		{AA428218-82A0-4104-AA66-9903D6A37E08}.Release|Any CPU.ActiveCfg = Release|Any CPU
		{AA428218-82A0-4104-AA66-9903D6A37E08}.Release|Any CPU.Build.0 = Release|Any CPU
		{AA428218-82A0-4104-AA66-9903D6A37E08}.Release|x64.ActiveCfg = Release|Any CPU
		{AA428218-82A0-4104-AA66-9903D6A37E08}.Release|x64.Build.0 = Release|Any CPU
		{AA428218-82A0-4104-AA66-9903D6A37E08}.Release|x86.ActiveCfg = Release|Any CPU
		{AA428218-82A0-4104-AA66-9903D6A37E08}.Release|x86.Build.0 = Release|Any CPU
		{03F6B353-1A84-42FD-97FF-109F91228D7D}.Debug|Any CPU.ActiveCfg = Debug|Any CPU
		{03F6B353-1A84-42FD-97FF-109F91228D7D}.Debug|Any CPU.Build.0 = Debug|Any CPU
		{03F6B353-1A84-42FD-97FF-109F91228D7D}.Debug|x64.ActiveCfg = Debug|Any CPU
		{03F6B353-1A84-42FD-97FF-109F91228D7D}.Debug|x64.Build.0 = Debug|Any CPU
		{03F6B353-1A84-42FD-97FF-109F91228D7D}.Debug|x86.ActiveCfg = Debug|Any CPU
		{03F6B353-1A84-42FD-97FF-109F91228D7D}.Debug|x86.Build.0 = Debug|Any CPU
		{03F6B353-1A84-42FD-97FF-109F91228D7D}.Release|Any CPU.ActiveCfg = Release|Any CPU
		{03F6B353-1A84-42FD-97FF-109F91228D7D}.Release|Any CPU.Build.0 = Release|Any CPU
		{03F6B353-1A84-42FD-97FF-109F91228D7D}.Release|x64.ActiveCfg = Release|Any CPU
		{03F6B353-1A84-42FD-97FF-109F91228D7D}.Release|x64.Build.0 = Release|Any CPU
		{03F6B353-1A84-42FD-97FF-109F91228D7D}.Release|x86.ActiveCfg = Release|Any CPU
		{03F6B353-1A84-42FD-97FF-109F91228D7D}.Release|x86.Build.0 = Release|Any CPU
		{71025C7F-61B2-44F6-AF77-AE8CB1596121}.Debug|Any CPU.ActiveCfg = Debug|Any CPU
		{71025C7F-61B2-44F6-AF77-AE8CB1596121}.Debug|Any CPU.Build.0 = Debug|Any CPU
		{71025C7F-61B2-44F6-AF77-AE8CB1596121}.Debug|x64.ActiveCfg = Debug|Any CPU
		{71025C7F-61B2-44F6-AF77-AE8CB1596121}.Debug|x64.Build.0 = Debug|Any CPU
		{71025C7F-61B2-44F6-AF77-AE8CB1596121}.Debug|x86.ActiveCfg = Debug|Any CPU
		{71025C7F-61B2-44F6-AF77-AE8CB1596121}.Debug|x86.Build.0 = Debug|Any CPU
		{71025C7F-61B2-44F6-AF77-AE8CB1596121}.Release|Any CPU.ActiveCfg = Release|Any CPU
		{71025C7F-61B2-44F6-AF77-AE8CB1596121}.Release|Any CPU.Build.0 = Release|Any CPU
		{71025C7F-61B2-44F6-AF77-AE8CB1596121}.Release|x64.ActiveCfg = Release|Any CPU
		{71025C7F-61B2-44F6-AF77-AE8CB1596121}.Release|x64.Build.0 = Release|Any CPU
		{71025C7F-61B2-44F6-AF77-AE8CB1596121}.Release|x86.ActiveCfg = Release|Any CPU
		{71025C7F-61B2-44F6-AF77-AE8CB1596121}.Release|x86.Build.0 = Release|Any CPU
		{F98B81EC-FB2D-4F73-B696-F763D44200E9}.Debug|Any CPU.ActiveCfg = Debug|Any CPU
		{F98B81EC-FB2D-4F73-B696-F763D44200E9}.Debug|Any CPU.Build.0 = Debug|Any CPU
		{F98B81EC-FB2D-4F73-B696-F763D44200E9}.Debug|x64.ActiveCfg = Debug|Any CPU
		{F98B81EC-FB2D-4F73-B696-F763D44200E9}.Debug|x64.Build.0 = Debug|Any CPU
		{F98B81EC-FB2D-4F73-B696-F763D44200E9}.Debug|x86.ActiveCfg = Debug|Any CPU
		{F98B81EC-FB2D-4F73-B696-F763D44200E9}.Debug|x86.Build.0 = Debug|Any CPU
		{F98B81EC-FB2D-4F73-B696-F763D44200E9}.Release|Any CPU.ActiveCfg = Release|Any CPU
		{F98B81EC-FB2D-4F73-B696-F763D44200E9}.Release|Any CPU.Build.0 = Release|Any CPU
		{F98B81EC-FB2D-4F73-B696-F763D44200E9}.Release|x64.ActiveCfg = Release|Any CPU
		{F98B81EC-FB2D-4F73-B696-F763D44200E9}.Release|x64.Build.0 = Release|Any CPU
		{F98B81EC-FB2D-4F73-B696-F763D44200E9}.Release|x86.ActiveCfg = Release|Any CPU
		{F98B81EC-FB2D-4F73-B696-F763D44200E9}.Release|x86.Build.0 = Release|Any CPU
		{28BCBDCB-EF74-4CF4-B812-2DC012D2E918}.Debug|Any CPU.ActiveCfg = Debug|Any CPU
		{28BCBDCB-EF74-4CF4-B812-2DC012D2E918}.Debug|Any CPU.Build.0 = Debug|Any CPU
		{28BCBDCB-EF74-4CF4-B812-2DC012D2E918}.Debug|x64.ActiveCfg = Debug|Any CPU
		{28BCBDCB-EF74-4CF4-B812-2DC012D2E918}.Debug|x64.Build.0 = Debug|Any CPU
		{28BCBDCB-EF74-4CF4-B812-2DC012D2E918}.Debug|x86.ActiveCfg = Debug|Any CPU
		{28BCBDCB-EF74-4CF4-B812-2DC012D2E918}.Debug|x86.Build.0 = Debug|Any CPU
		{28BCBDCB-EF74-4CF4-B812-2DC012D2E918}.Release|Any CPU.ActiveCfg = Release|Any CPU
		{28BCBDCB-EF74-4CF4-B812-2DC012D2E918}.Release|Any CPU.Build.0 = Release|Any CPU
		{28BCBDCB-EF74-4CF4-B812-2DC012D2E918}.Release|x64.ActiveCfg = Release|Any CPU
		{28BCBDCB-EF74-4CF4-B812-2DC012D2E918}.Release|x64.Build.0 = Release|Any CPU
		{28BCBDCB-EF74-4CF4-B812-2DC012D2E918}.Release|x86.ActiveCfg = Release|Any CPU
		{28BCBDCB-EF74-4CF4-B812-2DC012D2E918}.Release|x86.Build.0 = Release|Any CPU
		{FF0C36E9-2AC3-4CBA-A9A3-CB58F0175CC3}.Debug|Any CPU.ActiveCfg = Debug|Any CPU
		{FF0C36E9-2AC3-4CBA-A9A3-CB58F0175CC3}.Debug|Any CPU.Build.0 = Debug|Any CPU
		{FF0C36E9-2AC3-4CBA-A9A3-CB58F0175CC3}.Debug|x64.ActiveCfg = Debug|Any CPU
		{FF0C36E9-2AC3-4CBA-A9A3-CB58F0175CC3}.Debug|x64.Build.0 = Debug|Any CPU
		{FF0C36E9-2AC3-4CBA-A9A3-CB58F0175CC3}.Debug|x86.ActiveCfg = Debug|Any CPU
		{FF0C36E9-2AC3-4CBA-A9A3-CB58F0175CC3}.Debug|x86.Build.0 = Debug|Any CPU
		{FF0C36E9-2AC3-4CBA-A9A3-CB58F0175CC3}.Release|Any CPU.ActiveCfg = Release|Any CPU
		{FF0C36E9-2AC3-4CBA-A9A3-CB58F0175CC3}.Release|Any CPU.Build.0 = Release|Any CPU
		{FF0C36E9-2AC3-4CBA-A9A3-CB58F0175CC3}.Release|x64.ActiveCfg = Release|Any CPU
		{FF0C36E9-2AC3-4CBA-A9A3-CB58F0175CC3}.Release|x64.Build.0 = Release|Any CPU
		{FF0C36E9-2AC3-4CBA-A9A3-CB58F0175CC3}.Release|x86.ActiveCfg = Release|Any CPU
		{FF0C36E9-2AC3-4CBA-A9A3-CB58F0175CC3}.Release|x86.Build.0 = Release|Any CPU
		{004924ED-1351-4999-B5B5-0E56E7C77A8F}.Debug|Any CPU.ActiveCfg = Debug|Any CPU
		{004924ED-1351-4999-B5B5-0E56E7C77A8F}.Debug|Any CPU.Build.0 = Debug|Any CPU
		{004924ED-1351-4999-B5B5-0E56E7C77A8F}.Debug|x64.ActiveCfg = Debug|Any CPU
		{004924ED-1351-4999-B5B5-0E56E7C77A8F}.Debug|x64.Build.0 = Debug|Any CPU
		{004924ED-1351-4999-B5B5-0E56E7C77A8F}.Debug|x86.ActiveCfg = Debug|Any CPU
		{004924ED-1351-4999-B5B5-0E56E7C77A8F}.Debug|x86.Build.0 = Debug|Any CPU
		{004924ED-1351-4999-B5B5-0E56E7C77A8F}.Release|Any CPU.ActiveCfg = Release|Any CPU
		{004924ED-1351-4999-B5B5-0E56E7C77A8F}.Release|Any CPU.Build.0 = Release|Any CPU
		{004924ED-1351-4999-B5B5-0E56E7C77A8F}.Release|x64.ActiveCfg = Release|Any CPU
		{004924ED-1351-4999-B5B5-0E56E7C77A8F}.Release|x64.Build.0 = Release|Any CPU
		{004924ED-1351-4999-B5B5-0E56E7C77A8F}.Release|x86.ActiveCfg = Release|Any CPU
		{004924ED-1351-4999-B5B5-0E56E7C77A8F}.Release|x86.Build.0 = Release|Any CPU
		{B0CEE121-FB0E-494D-B5DC-0C15DF8A687A}.Debug|Any CPU.ActiveCfg = Debug|Any CPU
		{B0CEE121-FB0E-494D-B5DC-0C15DF8A687A}.Debug|Any CPU.Build.0 = Debug|Any CPU
		{B0CEE121-FB0E-494D-B5DC-0C15DF8A687A}.Debug|x64.ActiveCfg = Debug|Any CPU
		{B0CEE121-FB0E-494D-B5DC-0C15DF8A687A}.Debug|x64.Build.0 = Debug|Any CPU
		{B0CEE121-FB0E-494D-B5DC-0C15DF8A687A}.Debug|x86.ActiveCfg = Debug|Any CPU
		{B0CEE121-FB0E-494D-B5DC-0C15DF8A687A}.Debug|x86.Build.0 = Debug|Any CPU
		{B0CEE121-FB0E-494D-B5DC-0C15DF8A687A}.Release|Any CPU.ActiveCfg = Release|Any CPU
		{B0CEE121-FB0E-494D-B5DC-0C15DF8A687A}.Release|Any CPU.Build.0 = Release|Any CPU
		{B0CEE121-FB0E-494D-B5DC-0C15DF8A687A}.Release|x64.ActiveCfg = Release|Any CPU
		{B0CEE121-FB0E-494D-B5DC-0C15DF8A687A}.Release|x64.Build.0 = Release|Any CPU
		{B0CEE121-FB0E-494D-B5DC-0C15DF8A687A}.Release|x86.ActiveCfg = Release|Any CPU
		{B0CEE121-FB0E-494D-B5DC-0C15DF8A687A}.Release|x86.Build.0 = Release|Any CPU
		{C49BA0B0-7EC3-47AA-936C-CA8D3CC453EC}.Debug|Any CPU.ActiveCfg = Debug|Any CPU
		{C49BA0B0-7EC3-47AA-936C-CA8D3CC453EC}.Debug|Any CPU.Build.0 = Debug|Any CPU
		{C49BA0B0-7EC3-47AA-936C-CA8D3CC453EC}.Debug|x64.ActiveCfg = Debug|Any CPU
		{C49BA0B0-7EC3-47AA-936C-CA8D3CC453EC}.Debug|x64.Build.0 = Debug|Any CPU
		{C49BA0B0-7EC3-47AA-936C-CA8D3CC453EC}.Debug|x86.ActiveCfg = Debug|Any CPU
		{C49BA0B0-7EC3-47AA-936C-CA8D3CC453EC}.Debug|x86.Build.0 = Debug|Any CPU
		{C49BA0B0-7EC3-47AA-936C-CA8D3CC453EC}.Release|Any CPU.ActiveCfg = Release|Any CPU
		{C49BA0B0-7EC3-47AA-936C-CA8D3CC453EC}.Release|Any CPU.Build.0 = Release|Any CPU
		{C49BA0B0-7EC3-47AA-936C-CA8D3CC453EC}.Release|x64.ActiveCfg = Release|Any CPU
		{C49BA0B0-7EC3-47AA-936C-CA8D3CC453EC}.Release|x64.Build.0 = Release|Any CPU
		{C49BA0B0-7EC3-47AA-936C-CA8D3CC453EC}.Release|x86.ActiveCfg = Release|Any CPU
		{C49BA0B0-7EC3-47AA-936C-CA8D3CC453EC}.Release|x86.Build.0 = Release|Any CPU
	EndGlobalSection
	GlobalSection(SolutionProperties) = preSolution
		HideSolutionNode = FALSE
	EndGlobalSection
	GlobalSection(NestedProjects) = preSolution
		{984BB9B3-3FA3-BE33-9484-CAC21695A33C} = {827E0CD3-B72D-47B6-A68D-7590B98EB39B}
		{C91C1CF1-1625-0789-F869-53D87D6277BA} = {984BB9B3-3FA3-BE33-9484-CAC21695A33C}
		{0007A3BC-68A9-4CB7-9C9F-BDC213335825} = {C91C1CF1-1625-0789-F869-53D87D6277BA}
		{C469E726-9DB0-4584-BBD7-39924FE980D8} = {C91C1CF1-1625-0789-F869-53D87D6277BA}
		{57C4B656-50F9-42C7-B549-E27A77884262} = {C91C1CF1-1625-0789-F869-53D87D6277BA}
		{B3CE1017-45B7-468C-A108-3742DAF28923} = {C91C1CF1-1625-0789-F869-53D87D6277BA}
		{1BFC9479-12BF-35C3-06B8-42D89D95092B} = {984BB9B3-3FA3-BE33-9484-CAC21695A33C}
		{863E77CB-8222-4D92-8B8C-5BD27CC0EDFC} = {1BFC9479-12BF-35C3-06B8-42D89D95092B}
		{90298CBA-BD6F-3A0A-69D5-97CAD7B05E7E} = {827E0CD3-B72D-47B6-A68D-7590B98EB39B}
		{6E00CCA0-30D3-4C65-9E82-2CC7814592A1} = {90298CBA-BD6F-3A0A-69D5-97CAD7B05E7E}
		{B851199A-4979-E597-3D50-97AC5992BBAF} = {984BB9B3-3FA3-BE33-9484-CAC21695A33C}
		{0A29748E-FB81-4411-BE11-14513DCBEF17} = {B851199A-4979-E597-3D50-97AC5992BBAF}
		{AA428218-82A0-4104-AA66-9903D6A37E08} = {B851199A-4979-E597-3D50-97AC5992BBAF}
		{03F6B353-1A84-42FD-97FF-109F91228D7D} = {B851199A-4979-E597-3D50-97AC5992BBAF}
		{71025C7F-61B2-44F6-AF77-AE8CB1596121} = {B851199A-4979-E597-3D50-97AC5992BBAF}
		{F98B81EC-FB2D-4F73-B696-F763D44200E9} = {B851199A-4979-E597-3D50-97AC5992BBAF}
		{971CEA43-920F-36DD-A00E-2E303C06D992} = {984BB9B3-3FA3-BE33-9484-CAC21695A33C}
		{28BCBDCB-EF74-4CF4-B812-2DC012D2E918} = {971CEA43-920F-36DD-A00E-2E303C06D992}
		{FF0C36E9-2AC3-4CBA-A9A3-CB58F0175CC3} = {0AB3BF05-4346-4AA6-1389-037BE0695223}
		{004924ED-1351-4999-B5B5-0E56E7C77A8F} = {0AB3BF05-4346-4AA6-1389-037BE0695223}
		{B0CEE121-FB0E-494D-B5DC-0C15DF8A687A} = {0AB3BF05-4346-4AA6-1389-037BE0695223}
		{C49BA0B0-7EC3-47AA-936C-CA8D3CC453EC} = {0AB3BF05-4346-4AA6-1389-037BE0695223}
	EndGlobalSection
EndGlobal
